
Microsoft Visual Studio Solution File, Format Version 12.00
# Visual Studio Version 17
VisualStudioVersion = 17.3.32929.385
MinimumVisualStudioVersion = 10.0.40219.1
Project("{FAE04EC0-301F-11D3-BF4B-00C04F79EFBC}") = "PasswordGenerator", "PasswordGenerator\PasswordGenerator.csproj", "{776B6EF8-4881-4847-9CA3-132B3B701951}"
EndProject
Global
	GlobalSection(SolutionConfigurationPlatforms) = preSolution
		Debug|Any CPU = Debug|Any CPU
		Release|Any CPU = Release|Any CPU
	EndGlobalSection
	GlobalSection(ProjectConfigurationPlatforms) = postSolution
		{776B6EF8-4881-4847-9CA3-132B3B701951}.Debug|Any CPU.ActiveCfg = Debug|Any CPU
		{776B6EF8-4881-4847-9CA3-132B3B701951}.Debug|Any CPU.Build.0 = Debug|Any CPU
		{776B6EF8-4881-4847-9CA3-132B3B701951}.Release|Any CPU.ActiveCfg = Release|Any CPU
		{776B6EF8-4881-4847-9CA3-132B3B701951}.Release|Any CPU.Build.0 = Release|Any CPU
	EndGlobalSection
	GlobalSection(SolutionProperties) = preSolution
		HideSolutionNode = FALSE
	EndGlobalSection
	GlobalSection(ExtensibilityGlobals) = postSolution
		SolutionGuid = {2FAAD8F8-979B-4713-8473-23715F6F205D}
	EndGlobalSection
EndGlobal
