
Microsoft Visual Studio Solution File, Format Version 12.00
# Visual Studio Version 17
VisualStudioVersion = 17.3.32929.385
MinimumVisualStudioVersion = 10.0.40219.1
Project("{9A19103F-16F7-4668-BE54-9A1E7A4F7556}") = "PasswordGenerator", "PasswordGenerator.csproj", "{1FFC99AB-AC49-4F5A-8D06-FCEF3FB0ED7B}"
EndProject
Global
	GlobalSection(SolutionConfigurationPlatforms) = preSolution
		Debug|Any CPU = Debug|Any CPU
		Release|Any CPU = Release|Any CPU
	EndGlobalSection
	GlobalSection(ProjectConfigurationPlatforms) = postSolution
		{1FFC99AB-AC49-4F5A-8D06-FCEF3FB0ED7B}.Debug|Any CPU.ActiveCfg = Debug|Any CPU
		{1FFC99AB-AC49-4F5A-8D06-FCEF3FB0ED7B}.Debug|Any CPU.Build.0 = Debug|Any CPU
		{1FFC99AB-AC49-4F5A-8D06-FCEF3FB0ED7B}.Release|Any CPU.ActiveCfg = Release|Any CPU
		{1FFC99AB-AC49-4F5A-8D06-FCEF3FB0ED7B}.Release|Any CPU.Build.0 = Release|Any CPU
	EndGlobalSection
	GlobalSection(SolutionProperties) = preSolution
		HideSolutionNode = FALSE
	EndGlobalSection
	GlobalSection(ExtensibilityGlobals) = postSolution
		SolutionGuid = {1844E18D-12DA-42A7-8403-7B1974454707}
	EndGlobalSection
EndGlobal
